{
  "version": 4,
  "terraform_version": "1.12.2",
  "serial": 9,
  "lineage": "ece7ce6a-e4b6-0eae-d573-418d49663009",
  "outputs": {},
  "resources": [
    {
      "mode": "managed",
      "type": "aws_apprunner_service",
      "name": "faq_bot_service",
      "provider": "provider[\"registry.terraform.io/hashicorp/aws\"]",
      "instances": [
        {
          "schema_version": 0,
          "attributes": {
            "arn": "arn:aws:apprunner:ap-southeast-1:129585230409:service/faq-bot-app/3a8c5b0d1b624ad3ab08bff73c40aa02",
            "auto_scaling_configuration_arn": "arn:aws:apprunner:ap-southeast-1:129585230409:autoscalingconfiguration/DefaultConfiguration/1/00000000000000000000000000000001",
            "encryption_configuration": [],
            "health_check_configuration": [
              {
                "healthy_threshold": 1,
                "interval": 10,
                "path": "/",
                "protocol": "TCP",
                "timeout": 5,
                "unhealthy_threshold": 5
              }
            ],
            "id": "arn:aws:apprunner:ap-southeast-1:129585230409:service/faq-bot-app/3a8c5b0d1b624ad3ab08bff73c40aa02",
            "instance_configuration": [
              {
                "cpu": "1024",
                "instance_role_arn": "",
                "memory": "2048"
              }
            ],
            "network_configuration": [
              {
                "egress_configuration": [
                  {
                    "egress_type": "DEFAULT",
                    "vpc_connector_arn": ""
                  }
                ],
                "ingress_configuration": [
                  {
                    "is_publicly_accessible": true
                  }
                ],
                "ip_address_type": "IPV4"
              }
            ],
            "observability_configuration": [],
            "region": "ap-southeast-1",
            "service_id": "3a8c5b0d1b624ad3ab08bff73c40aa02",
            "service_name": "faq-bot-app",
            "service_url": "ec3yacfexs.ap-southeast-1.awsapprunner.com",
            "source_configuration": [
              {
                "authentication_configuration": [
                  {
                    "access_role_arn": "arn:aws:iam::129585230409:role/faq-bot-app-ecr-access-role",
                    "connection_arn": ""
                  }
                ],
                "auto_deployments_enabled": true,
                "code_repository": [],
                "image_repository": [
                  {
                    "image_configuration": [
                      {
                        "port": "8080",
                        "runtime_environment_secrets": null,
                        "runtime_environment_variables": null,
                        "start_command": ""
                      }
                    ],
                    "image_identifier": "129585230409.dkr.ecr.ap-southeast-1.amazonaws.com/faq-bot-practice:e29e8535fa0018c19af99a17c4247049f8cccef4",
                    "image_repository_type": "ECR"
                  }
                ]
              }
            ],
            "status": "RUNNING",
            "tags": {
              "ManagedBy": "Terraform",
              "Project": "FAQ Bot"
            },
            "tags_all": {
              "ManagedBy": "Terraform",
              "Project": "FAQ Bot"
            }
          },
          "sensitive_attributes": [],
          "identity_schema_version": 0,
          "identity": {
            "arn": "arn:aws:apprunner:ap-southeast-1:129585230409:service/faq-bot-app/3a8c5b0d1b624ad3ab08bff73c40aa02"
          },
          "private": "bnVsbA==",
          "dependencies": [
            "aws_iam_role.apprunner_ecr_role"
          ]
        }
      ]
    },
    {
      "mode": "managed",
      "type": "aws_iam_role",
      "name": "apprunner_ecr_role",
      "provider": "provider[\"registry.terraform.io/hashicorp/aws\"]",
      "instances": [
        {
          "schema_version": 0,
          "attributes": {
            "arn": "arn:aws:iam::129585230409:role/faq-bot-app-ecr-access-role",
            "assume_role_policy": "{\"Statement\":[{\"Action\":\"sts:AssumeRole\",\"Effect\":\"Allow\",\"Principal\":{\"Service\":\"build.apprunner.amazonaws.com\"}}],\"Version\":\"2012-10-17\"}",
            "create_date": "2025-09-10T11:15:12Z",
            "description": "",
            "force_detach_policies": false,
            "id": "faq-bot-app-ecr-access-role",
            "inline_policy": [],
            "managed_policy_arns": [
              "arn:aws:iam::aws:policy/service-role/AWSAppRunnerServicePolicyForECRAccess"
            ],
            "max_session_duration": 3600,
            "name": "faq-bot-app-ecr-access-role",
            "name_prefix": "",
            "path": "/",
            "permissions_boundary": "",
            "tags": {},
            "tags_all": {},
            "unique_id": "AROAR4K7BWJE3T5DIZG4D"
          },
          "sensitive_attributes": [],
          "identity_schema_version": 0,
          "identity": {
            "account_id": "129585230409",
            "name": "faq-bot-app-ecr-access-role"
          },
          "private": "bnVsbA=="
        }
      ]
    },
    {
      "mode": "managed",
      "type": "aws_iam_role_policy_attachment",
      "name": "apprunner_ecr_access",
      "provider": "provider[\"registry.terraform.io/hashicorp/aws\"]",
      "instances": [
        {
          "schema_version": 0,
          "attributes": {
            "id": "faq-bot-app-ecr-access-role/arn:aws:iam::aws:policy/service-role/AWSAppRunnerServicePolicyForECRAccess",
            "policy_arn": "arn:aws:iam::aws:policy/service-role/AWSAppRunnerServicePolicyForECRAccess",
            "role": "faq-bot-app-ecr-access-role"
          },
          "sensitive_attributes": [],
          "identity_schema_version": 0,
          "identity": {
            "account_id": "129585230409",
            "policy_arn": "arn:aws:iam::aws:policy/service-role/AWSAppRunnerServicePolicyForECRAccess",
            "role": "faq-bot-app-ecr-access-role"
          },
          "private": "bnVsbA==",
          "dependencies": [
            "aws_iam_role.apprunner_ecr_role"
          ]
        }
      ]
    }
  ],
  "check_results": null
}
